
Microsoft Visual Studio Solution File, Format Version 12.00
# Visual Studio Version 17
VisualStudioVersion = 17.5.33424.131
MinimumVisualStudioVersion = 10.0.40219.1
Project("{9A19103F-16F7-4668-BE54-9A1E7A4F7556}") = "01Heranca", "01Heranca\01Heranca.csproj", "{0A8A7FF4-A99A-47FB-B88E-8C8CBF3C96E7}"
EndProject
Project("{9A19103F-16F7-4668-BE54-9A1E7A4F7556}") = "02Heranca_Construtores", "02Heranca_Construtores\02Heranca_Construtores.csproj", "{6B5C6A77-8B45-4C64-B5CC-4D9BEF36DCF5}"
EndProject
Project("{9A19103F-16F7-4668-BE54-9A1E7A4F7556}") = "03Heranca_Object", "03Heranca_Object\03Heranca_Object.csproj", "{528A28A5-0881-4FC6-89F1-68C062950CE8}"
EndProject
Project("{9A19103F-16F7-4668-BE54-9A1E7A4F7556}") = "04Heranca_Modificador_New", "04Heranca_Modificador_New\04Heranca_Modificador_New.csproj", "{28E6CDBC-E425-41E0-A29C-C5C1CDCB5AB4}"
EndProject
Project("{9A19103F-16F7-4668-BE54-9A1E7A4F7556}") = "05Heranca_VirtualOverride", "05Heranca_VirtualOverride\05Heranca_VirtualOverride.csproj", "{1989D239-2D7A-4C86-8354-E214F5902FDB}"
EndProject
Project("{9A19103F-16F7-4668-BE54-9A1E7A4F7556}") = "06Heranca_Sealed", "06Heranca_Sealed\06Heranca_Sealed.csproj", "{3BDBBC42-022A-4B8A-AF2A-A1D2772DE3C4}"
EndProject
Project("{2150E333-8FDC-42A3-9474-1A3956D46DE8}") = "Exercicios", "Exercicios", "{C3C128C4-392A-4218-B839-7EFBBCCAF6EE}"
EndProject
Project("{9A19103F-16F7-4668-BE54-9A1E7A4F7556}") = "Exercicio01", "Exercicio01\Exercicio01.csproj", "{FBC50CFB-E079-4157-A946-9CB88F32945E}"
EndProject
Project("{9A19103F-16F7-4668-BE54-9A1E7A4F7556}") = "07Heranca_Tipos", "07Heranca_Tipos\07Heranca_Tipos.csproj", "{36D29C9F-F458-4AE7-B427-256C9ABCE3B9}"
EndProject
Project("{9A19103F-16F7-4668-BE54-9A1E7A4F7556}") = "08Heranca_UpcastingDowncasting", "08Heranca_UpcastingDowncasting\08Heranca_UpcastingDowncasting.csproj", "{F00CA920-EF5B-460A-B840-33CE70B46DA2}"
EndProject
Project("{9A19103F-16F7-4668-BE54-9A1E7A4F7556}") = "09Heranca_is_as", "09Heranca_is_as\09Heranca_is_as.csproj", "{865A77C6-14BA-42A1-877E-E94692EB0826}"
EndProject
Project("{9A19103F-16F7-4668-BE54-9A1E7A4F7556}") = "10Heranca_abstract", "10Heranca_abstract\10Heranca_abstract.csproj", "{F68C81BE-28E0-4EF4-9748-299051E16C5D}"
EndProject
Project("{9A19103F-16F7-4668-BE54-9A1E7A4F7556}") = "11Interfaces", "11Interfaces\11Interfaces.csproj", "{6A119CC4-4A7B-4F64-BE98-58E1B70FC415}"
EndProject
Project("{9A19103F-16F7-4668-BE54-9A1E7A4F7556}") = "Exercicio02", "Exercicio02\Exercicio02.csproj", "{2E39D25A-8181-4222-840F-C6472A7E2331}"
EndProject
Project("{9A19103F-16F7-4668-BE54-9A1E7A4F7556}") = "12Agregacao", "12Agregacao\12Agregacao.csproj", "{0C15D576-03D0-4899-8CC5-8D6F45A534AC}"
EndProject
Project("{9A19103F-16F7-4668-BE54-9A1E7A4F7556}") = "13Acoplamento", "13Acoplamento\13Acoplamento.csproj", "{4F9F0DC8-D99C-4BF3-A2FD-1E600FE556D3}"
EndProject
Project("{9A19103F-16F7-4668-BE54-9A1E7A4F7556}") = "14Polimorfismo", "14Polimorfismo\14Polimorfismo.csproj", "{40D192E9-6FD5-4D19-B987-114AC5C34BF8}"
EndProject
Project("{FAE04EC0-301F-11D3-BF4B-00C04F79EFBC}") = "15Polimorfismo2", "15Polimorfismo2\15Polimorfismo2.csproj", "{B00E3FCD-322C-4F1B-91E1-7B908468D6B9}"
EndProject
Project("{FAE04EC0-301F-11D3-BF4B-00C04F79EFBC}") = "Exercicio03", "Exercicio03\Exercicio03.csproj", "{DDFCEDBE-141D-4FB7-BACC-3743992C5249}"
EndProject
Project("{FAE04EC0-301F-11D3-BF4B-00C04F79EFBC}") = "Exercicio04", "Exercicio04\Exercicio04.csproj", "{547BCFEE-0A22-4D33-ACE3-F129E9216A54}"
EndProject
Project("{FAE04EC0-301F-11D3-BF4B-00C04F79EFBC}") = "Exercicio05", "Exercicio05\Exercicio05.csproj", "{4B6EBE05-E1A2-47F5-8811-06C986FE66E0}"
EndProject
Project("{FAE04EC0-301F-11D3-BF4B-00C04F79EFBC}") = "Exercicio06", "Exercicio06\Exercicio06.csproj", "{B5D41CA6-C01A-43FE-8A25-36E3D9124525}"
EndProject
Project("{FAE04EC0-301F-11D3-BF4B-00C04F79EFBC}") = "Exercicio07", "Exercicio07\Exercicio07.csproj", "{0412633F-2D1A-41A9-A268-9293DD8B014F}"
EndProject
Global
	GlobalSection(SolutionConfigurationPlatforms) = preSolution
		Debug|Any CPU = Debug|Any CPU
		Release|Any CPU = Release|Any CPU
	EndGlobalSection
	GlobalSection(ProjectConfigurationPlatforms) = postSolution
		{0A8A7FF4-A99A-47FB-B88E-8C8CBF3C96E7}.Debug|Any CPU.ActiveCfg = Debug|Any CPU
		{0A8A7FF4-A99A-47FB-B88E-8C8CBF3C96E7}.Debug|Any CPU.Build.0 = Debug|Any CPU
		{0A8A7FF4-A99A-47FB-B88E-8C8CBF3C96E7}.Release|Any CPU.ActiveCfg = Release|Any CPU
		{0A8A7FF4-A99A-47FB-B88E-8C8CBF3C96E7}.Release|Any CPU.Build.0 = Release|Any CPU
		{6B5C6A77-8B45-4C64-B5CC-4D9BEF36DCF5}.Debug|Any CPU.ActiveCfg = Debug|Any CPU
		{6B5C6A77-8B45-4C64-B5CC-4D9BEF36DCF5}.Debug|Any CPU.Build.0 = Debug|Any CPU
		{6B5C6A77-8B45-4C64-B5CC-4D9BEF36DCF5}.Release|Any CPU.ActiveCfg = Release|Any CPU
		{6B5C6A77-8B45-4C64-B5CC-4D9BEF36DCF5}.Release|Any CPU.Build.0 = Release|Any CPU
		{528A28A5-0881-4FC6-89F1-68C062950CE8}.Debug|Any CPU.ActiveCfg = Debug|Any CPU
		{528A28A5-0881-4FC6-89F1-68C062950CE8}.Debug|Any CPU.Build.0 = Debug|Any CPU
		{528A28A5-0881-4FC6-89F1-68C062950CE8}.Release|Any CPU.ActiveCfg = Release|Any CPU
		{528A28A5-0881-4FC6-89F1-68C062950CE8}.Release|Any CPU.Build.0 = Release|Any CPU
		{28E6CDBC-E425-41E0-A29C-C5C1CDCB5AB4}.Debug|Any CPU.ActiveCfg = Debug|Any CPU
		{28E6CDBC-E425-41E0-A29C-C5C1CDCB5AB4}.Debug|Any CPU.Build.0 = Debug|Any CPU
		{28E6CDBC-E425-41E0-A29C-C5C1CDCB5AB4}.Release|Any CPU.ActiveCfg = Release|Any CPU
		{28E6CDBC-E425-41E0-A29C-C5C1CDCB5AB4}.Release|Any CPU.Build.0 = Release|Any CPU
		{1989D239-2D7A-4C86-8354-E214F5902FDB}.Debug|Any CPU.ActiveCfg = Debug|Any CPU
		{1989D239-2D7A-4C86-8354-E214F5902FDB}.Debug|Any CPU.Build.0 = Debug|Any CPU
		{1989D239-2D7A-4C86-8354-E214F5902FDB}.Release|Any CPU.ActiveCfg = Release|Any CPU
		{1989D239-2D7A-4C86-8354-E214F5902FDB}.Release|Any CPU.Build.0 = Release|Any CPU
		{3BDBBC42-022A-4B8A-AF2A-A1D2772DE3C4}.Debug|Any CPU.ActiveCfg = Debug|Any CPU
		{3BDBBC42-022A-4B8A-AF2A-A1D2772DE3C4}.Debug|Any CPU.Build.0 = Debug|Any CPU
		{3BDBBC42-022A-4B8A-AF2A-A1D2772DE3C4}.Release|Any CPU.ActiveCfg = Release|Any CPU
		{3BDBBC42-022A-4B8A-AF2A-A1D2772DE3C4}.Release|Any CPU.Build.0 = Release|Any CPU
		{FBC50CFB-E079-4157-A946-9CB88F32945E}.Debug|Any CPU.ActiveCfg = Debug|Any CPU
		{FBC50CFB-E079-4157-A946-9CB88F32945E}.Debug|Any CPU.Build.0 = Debug|Any CPU
		{FBC50CFB-E079-4157-A946-9CB88F32945E}.Release|Any CPU.ActiveCfg = Release|Any CPU
		{FBC50CFB-E079-4157-A946-9CB88F32945E}.Release|Any CPU.Build.0 = Release|Any CPU
		{36D29C9F-F458-4AE7-B427-256C9ABCE3B9}.Debug|Any CPU.ActiveCfg = Debug|Any CPU
		{36D29C9F-F458-4AE7-B427-256C9ABCE3B9}.Debug|Any CPU.Build.0 = Debug|Any CPU
		{36D29C9F-F458-4AE7-B427-256C9ABCE3B9}.Release|Any CPU.ActiveCfg = Release|Any CPU
		{36D29C9F-F458-4AE7-B427-256C9ABCE3B9}.Release|Any CPU.Build.0 = Release|Any CPU
		{F00CA920-EF5B-460A-B840-33CE70B46DA2}.Debug|Any CPU.ActiveCfg = Debug|Any CPU
		{F00CA920-EF5B-460A-B840-33CE70B46DA2}.Debug|Any CPU.Build.0 = Debug|Any CPU
		{F00CA920-EF5B-460A-B840-33CE70B46DA2}.Release|Any CPU.ActiveCfg = Release|Any CPU
		{F00CA920-EF5B-460A-B840-33CE70B46DA2}.Release|Any CPU.Build.0 = Release|Any CPU
		{865A77C6-14BA-42A1-877E-E94692EB0826}.Debug|Any CPU.ActiveCfg = Debug|Any CPU
		{865A77C6-14BA-42A1-877E-E94692EB0826}.Debug|Any CPU.Build.0 = Debug|Any CPU
		{865A77C6-14BA-42A1-877E-E94692EB0826}.Release|Any CPU.ActiveCfg = Release|Any CPU
		{865A77C6-14BA-42A1-877E-E94692EB0826}.Release|Any CPU.Build.0 = Release|Any CPU
		{F68C81BE-28E0-4EF4-9748-299051E16C5D}.Debug|Any CPU.ActiveCfg = Debug|Any CPU
		{F68C81BE-28E0-4EF4-9748-299051E16C5D}.Debug|Any CPU.Build.0 = Debug|Any CPU
		{F68C81BE-28E0-4EF4-9748-299051E16C5D}.Release|Any CPU.ActiveCfg = Release|Any CPU
		{F68C81BE-28E0-4EF4-9748-299051E16C5D}.Release|Any CPU.Build.0 = Release|Any CPU
		{6A119CC4-4A7B-4F64-BE98-58E1B70FC415}.Debug|Any CPU.ActiveCfg = Debug|Any CPU
		{6A119CC4-4A7B-4F64-BE98-58E1B70FC415}.Debug|Any CPU.Build.0 = Debug|Any CPU
		{6A119CC4-4A7B-4F64-BE98-58E1B70FC415}.Release|Any CPU.ActiveCfg = Release|Any CPU
		{6A119CC4-4A7B-4F64-BE98-58E1B70FC415}.Release|Any CPU.Build.0 = Release|Any CPU
		{2E39D25A-8181-4222-840F-C6472A7E2331}.Debug|Any CPU.ActiveCfg = Debug|Any CPU
		{2E39D25A-8181-4222-840F-C6472A7E2331}.Debug|Any CPU.Build.0 = Debug|Any CPU
		{2E39D25A-8181-4222-840F-C6472A7E2331}.Release|Any CPU.ActiveCfg = Release|Any CPU
		{2E39D25A-8181-4222-840F-C6472A7E2331}.Release|Any CPU.Build.0 = Release|Any CPU
		{0C15D576-03D0-4899-8CC5-8D6F45A534AC}.Debug|Any CPU.ActiveCfg = Debug|Any CPU
		{0C15D576-03D0-4899-8CC5-8D6F45A534AC}.Debug|Any CPU.Build.0 = Debug|Any CPU
		{0C15D576-03D0-4899-8CC5-8D6F45A534AC}.Release|Any CPU.ActiveCfg = Release|Any CPU
		{0C15D576-03D0-4899-8CC5-8D6F45A534AC}.Release|Any CPU.Build.0 = Release|Any CPU
		{4F9F0DC8-D99C-4BF3-A2FD-1E600FE556D3}.Debug|Any CPU.ActiveCfg = Debug|Any CPU
		{4F9F0DC8-D99C-4BF3-A2FD-1E600FE556D3}.Debug|Any CPU.Build.0 = Debug|Any CPU
		{4F9F0DC8-D99C-4BF3-A2FD-1E600FE556D3}.Release|Any CPU.ActiveCfg = Release|Any CPU
		{4F9F0DC8-D99C-4BF3-A2FD-1E600FE556D3}.Release|Any CPU.Build.0 = Release|Any CPU
		{40D192E9-6FD5-4D19-B987-114AC5C34BF8}.Debug|Any CPU.ActiveCfg = Debug|Any CPU
		{40D192E9-6FD5-4D19-B987-114AC5C34BF8}.Debug|Any CPU.Build.0 = Debug|Any CPU
		{40D192E9-6FD5-4D19-B987-114AC5C34BF8}.Release|Any CPU.ActiveCfg = Release|Any CPU
		{40D192E9-6FD5-4D19-B987-114AC5C34BF8}.Release|Any CPU.Build.0 = Release|Any CPU
		{B00E3FCD-322C-4F1B-91E1-7B908468D6B9}.Debug|Any CPU.ActiveCfg = Debug|Any CPU
		{B00E3FCD-322C-4F1B-91E1-7B908468D6B9}.Debug|Any CPU.Build.0 = Debug|Any CPU
		{B00E3FCD-322C-4F1B-91E1-7B908468D6B9}.Release|Any CPU.ActiveCfg = Release|Any CPU
		{B00E3FCD-322C-4F1B-91E1-7B908468D6B9}.Release|Any CPU.Build.0 = Release|Any CPU
		{DDFCEDBE-141D-4FB7-BACC-3743992C5249}.Debug|Any CPU.ActiveCfg = Debug|Any CPU
		{DDFCEDBE-141D-4FB7-BACC-3743992C5249}.Debug|Any CPU.Build.0 = Debug|Any CPU
		{DDFCEDBE-141D-4FB7-BACC-3743992C5249}.Release|Any CPU.ActiveCfg = Release|Any CPU
		{DDFCEDBE-141D-4FB7-BACC-3743992C5249}.Release|Any CPU.Build.0 = Release|Any CPU
		{547BCFEE-0A22-4D33-ACE3-F129E9216A54}.Debug|Any CPU.ActiveCfg = Debug|Any CPU
		{547BCFEE-0A22-4D33-ACE3-F129E9216A54}.Debug|Any CPU.Build.0 = Debug|Any CPU
		{547BCFEE-0A22-4D33-ACE3-F129E9216A54}.Release|Any CPU.ActiveCfg = Release|Any CPU
		{547BCFEE-0A22-4D33-ACE3-F129E9216A54}.Release|Any CPU.Build.0 = Release|Any CPU
		{4B6EBE05-E1A2-47F5-8811-06C986FE66E0}.Debug|Any CPU.ActiveCfg = Debug|Any CPU
		{4B6EBE05-E1A2-47F5-8811-06C986FE66E0}.Debug|Any CPU.Build.0 = Debug|Any CPU
		{4B6EBE05-E1A2-47F5-8811-06C986FE66E0}.Release|Any CPU.ActiveCfg = Release|Any CPU
		{4B6EBE05-E1A2-47F5-8811-06C986FE66E0}.Release|Any CPU.Build.0 = Release|Any CPU
		{B5D41CA6-C01A-43FE-8A25-36E3D9124525}.Debug|Any CPU.ActiveCfg = Debug|Any CPU
		{B5D41CA6-C01A-43FE-8A25-36E3D9124525}.Debug|Any CPU.Build.0 = Debug|Any CPU
		{B5D41CA6-C01A-43FE-8A25-36E3D9124525}.Release|Any CPU.ActiveCfg = Release|Any CPU
		{B5D41CA6-C01A-43FE-8A25-36E3D9124525}.Release|Any CPU.Build.0 = Release|Any CPU
		{0412633F-2D1A-41A9-A268-9293DD8B014F}.Debug|Any CPU.ActiveCfg = Debug|Any CPU
		{0412633F-2D1A-41A9-A268-9293DD8B014F}.Debug|Any CPU.Build.0 = Debug|Any CPU
		{0412633F-2D1A-41A9-A268-9293DD8B014F}.Release|Any CPU.ActiveCfg = Release|Any CPU
		{0412633F-2D1A-41A9-A268-9293DD8B014F}.Release|Any CPU.Build.0 = Release|Any CPU
	EndGlobalSection
	GlobalSection(SolutionProperties) = preSolution
		HideSolutionNode = FALSE
	EndGlobalSection
	GlobalSection(NestedProjects) = preSolution
		{FBC50CFB-E079-4157-A946-9CB88F32945E} = {C3C128C4-392A-4218-B839-7EFBBCCAF6EE}
		{2E39D25A-8181-4222-840F-C6472A7E2331} = {C3C128C4-392A-4218-B839-7EFBBCCAF6EE}
		{DDFCEDBE-141D-4FB7-BACC-3743992C5249} = {C3C128C4-392A-4218-B839-7EFBBCCAF6EE}
		{547BCFEE-0A22-4D33-ACE3-F129E9216A54} = {C3C128C4-392A-4218-B839-7EFBBCCAF6EE}
		{4B6EBE05-E1A2-47F5-8811-06C986FE66E0} = {C3C128C4-392A-4218-B839-7EFBBCCAF6EE}
		{B5D41CA6-C01A-43FE-8A25-36E3D9124525} = {C3C128C4-392A-4218-B839-7EFBBCCAF6EE}
		{0412633F-2D1A-41A9-A268-9293DD8B014F} = {C3C128C4-392A-4218-B839-7EFBBCCAF6EE}
	EndGlobalSection
	GlobalSection(ExtensibilityGlobals) = postSolution
		SolutionGuid = {835DD719-54D7-4C6A-969E-BFDE5986BE81}
	EndGlobalSection
EndGlobal
